
Microsoft Visual Studio Solution File, Format Version 12.00
# Visual Studio Version 17
VisualStudioVersion = 17.14.36327.8 d17.14
MinimumVisualStudioVersion = 10.0.40219.1
Project("{FAE04EC0-301F-11D3-BF4B-00C04F79EFBC}") = "Users.Api", "Users.Api\Users.Api.csproj", "{FF5340A2-9399-40A6-99A4-CA154BBF47EA}"
EndProject
Global
	GlobalSection(SolutionConfigurationPlatforms) = preSolution
		Debug|Any CPU = Debug|Any CPU
		Release|Any CPU = Release|Any CPU
	EndGlobalSection
	GlobalSection(ProjectConfigurationPlatforms) = postSolution
		{FF5340A2-9399-40A6-99A4-CA154BBF47EA}.Debug|Any CPU.ActiveCfg = Debug|Any CPU
		{FF5340A2-9399-40A6-99A4-CA154BBF47EA}.Debug|Any CPU.Build.0 = Debug|Any CPU
		{FF5340A2-9399-40A6-99A4-CA154BBF47EA}.Release|Any CPU.ActiveCfg = Release|Any CPU
		{FF5340A2-9399-40A6-99A4-CA154BBF47EA}.Release|Any CPU.Build.0 = Release|Any CPU
	EndGlobalSection
	GlobalSection(SolutionProperties) = preSolution
		HideSolutionNode = FALSE
	EndGlobalSection
	GlobalSection(ExtensibilityGlobals) = postSolution
		SolutionGuid = {C69094B6-8402-4F8F-ADDE-C6FA5090FDE4}
	EndGlobalSection
EndGlobal
